
Microsoft Visual Studio Solution File, Format Version 12.00
# Visual Studio Version 16
VisualStudioVersion = 16.0.31702.278
MinimumVisualStudioVersion = 10.0.40219.1
Project("{FAE04EC0-301F-11D3-BF4B-00C04F79EFBC}") = "academy_project", "academy_project\academy_project.csproj", "{168F3A77-F019-4048-9668-CE341C451706}"
EndProject
Global
	GlobalSection(SolutionConfigurationPlatforms) = preSolution
		Debug|Any CPU = Debug|Any CPU
		Release|Any CPU = Release|Any CPU
	EndGlobalSection
	GlobalSection(ProjectConfigurationPlatforms) = postSolution
		{168F3A77-F019-4048-9668-CE341C451706}.Debug|Any CPU.ActiveCfg = Debug|Any CPU
		{168F3A77-F019-4048-9668-CE341C451706}.Debug|Any CPU.Build.0 = Debug|Any CPU
		{168F3A77-F019-4048-9668-CE341C451706}.Release|Any CPU.ActiveCfg = Release|Any CPU
		{168F3A77-F019-4048-9668-CE341C451706}.Release|Any CPU.Build.0 = Release|Any CPU
	EndGlobalSection
	GlobalSection(SolutionProperties) = preSolution
		HideSolutionNode = FALSE
	EndGlobalSection
	GlobalSection(ExtensibilityGlobals) = postSolution
		SolutionGuid = {E81A4724-4D98-4474-AAB5-3734B26F3E28}
	EndGlobalSection
EndGlobal
